{
  "object": {
    "pins": [
      {
        "package": "LibraryTemplate",
        "repositoryURL": "https://github.com/hkellaway/ios-library-template",
        "state": {
          "branch": "main",
          "revision": "73b4d35fe25904132769d5759619f1dc29b311b1",
          "version": null
        }
      }
    ]
  },
  "version": 1
}
