{
  "object": {
    "pins": [
      {
        "package": "LibraryTemplate",
        "repositoryURL": "https://github.com/hkellaway/ios-library-template",
        "state": {
          "branch": "networking",
          "revision": "25ecdbac5488963d60b35e917d4543f64e50f9b9",
          "version": null
        }
      }
    ]
  },
  "version": 1
}
